
Microsoft Visual Studio Solution File, Format Version 12.00
# Visual Studio 15
VisualStudioVersion = 15.0.27130.2020
MinimumVisualStudioVersion = 10.0.40219.1
Project("{FAE04EC0-301F-11D3-BF4B-00C04F79EFBC}") = "SocialAuthenticationPOC", "SocialAuthenticationPOC\SocialAuthenticationPOC.csproj", "{D4A4672F-3D8B-4398-8BEB-D1E4E4BBD492}"
EndProject
Global
	GlobalSection(SolutionConfigurationPlatforms) = preSolution
		Debug|Any CPU = Debug|Any CPU
		Release|Any CPU = Release|Any CPU
	EndGlobalSection
	GlobalSection(ProjectConfigurationPlatforms) = postSolution
		{D4A4672F-3D8B-4398-8BEB-D1E4E4BBD492}.Debug|Any CPU.ActiveCfg = Debug|Any CPU
		{D4A4672F-3D8B-4398-8BEB-D1E4E4BBD492}.Debug|Any CPU.Build.0 = Debug|Any CPU
		{D4A4672F-3D8B-4398-8BEB-D1E4E4BBD492}.Release|Any CPU.ActiveCfg = Release|Any CPU
		{D4A4672F-3D8B-4398-8BEB-D1E4E4BBD492}.Release|Any CPU.Build.0 = Release|Any CPU
	EndGlobalSection
	GlobalSection(SolutionProperties) = preSolution
		HideSolutionNode = FALSE
	EndGlobalSection
	GlobalSection(ExtensibilityGlobals) = postSolution
		SolutionGuid = {B28B224B-9F58-4B8E-A020-90192E2C12AB}
	EndGlobalSection
EndGlobal
